
Microsoft Visual Studio Solution File, Format Version 12.00
Project("{FAE04EC0-301F-11D3-BF4B-00C04F79EFBC}") = "slovopacana100procentov", "slovopacana100procentov\slovopacana100procentov.csproj", "{DEE53096-7C48-43B2-8958-3FAF3B6383B6}"
EndProject
Project("{FAE04EC0-301F-11D3-BF4B-00C04F79EFBC}") = "TestProject1", "TestProject1\TestProject1.csproj", "{F2801210-2F24-4D50-AE76-6775FBD841A5}"
EndProject
Project("{FAE04EC0-301F-11D3-BF4B-00C04F79EFBC}") = "TestProject2", "TestProject2\TestProject2.csproj", "{4BA090C7-7695-4B66-A21D-F20F97E03027}"
EndProject
Global
	GlobalSection(SolutionConfigurationPlatforms) = preSolution
		Debug|Any CPU = Debug|Any CPU
		Release|Any CPU = Release|Any CPU
	EndGlobalSection
	GlobalSection(ProjectConfigurationPlatforms) = postSolution
		{DEE53096-7C48-43B2-8958-3FAF3B6383B6}.Debug|Any CPU.ActiveCfg = Debug|Any CPU
		{DEE53096-7C48-43B2-8958-3FAF3B6383B6}.Debug|Any CPU.Build.0 = Debug|Any CPU
		{DEE53096-7C48-43B2-8958-3FAF3B6383B6}.Release|Any CPU.ActiveCfg = Release|Any CPU
		{DEE53096-7C48-43B2-8958-3FAF3B6383B6}.Release|Any CPU.Build.0 = Release|Any CPU
		{F2801210-2F24-4D50-AE76-6775FBD841A5}.Debug|Any CPU.ActiveCfg = Debug|Any CPU
		{F2801210-2F24-4D50-AE76-6775FBD841A5}.Debug|Any CPU.Build.0 = Debug|Any CPU
		{F2801210-2F24-4D50-AE76-6775FBD841A5}.Release|Any CPU.ActiveCfg = Release|Any CPU
		{F2801210-2F24-4D50-AE76-6775FBD841A5}.Release|Any CPU.Build.0 = Release|Any CPU
		{4BA090C7-7695-4B66-A21D-F20F97E03027}.Debug|Any CPU.ActiveCfg = Debug|Any CPU
		{4BA090C7-7695-4B66-A21D-F20F97E03027}.Debug|Any CPU.Build.0 = Debug|Any CPU
		{4BA090C7-7695-4B66-A21D-F20F97E03027}.Release|Any CPU.ActiveCfg = Release|Any CPU
		{4BA090C7-7695-4B66-A21D-F20F97E03027}.Release|Any CPU.Build.0 = Release|Any CPU
	EndGlobalSection
EndGlobal
